{
  "name": "my-dependency",
  "version": "1.0.0",
  "lockfileVersion": 1,
  "requires": true,
  "dependencies": {
    "@lwc/engine": {
      "version": "1.4.0-alpha3",
      "resolved": "https://registry.npmjs.org/@lwc/engine/-/engine-1.4.0-alpha3.tgz",
      "integrity": "sha512-ces2xqSvFN9gf+w8eIY77cpJDbPoNbxrynj4wSJOH80cs9mlsCfC6IGqHUS9lDO19OYFjUlPd6LSiaQIMNvjhw==",
      "requires": {
        "observable-membrane": "0.26.1"
      }
    },
    "observable-membrane": {
      "version": "0.26.1",
      "resolved": "https://registry.npmjs.org/observable-membrane/-/observable-membrane-0.26.1.tgz",
      "integrity": "sha512-fBxLHtd0pUFI/rKh6Dfn9fxjEgY4NkRIqlPEKa9fR28rC9CQDfQ5P+t292CtAArtXOQ1mF8Nq9m1cF52IdN8DA=="
    }
  }
}
